
Microsoft Visual Studio Solution File, Format Version 12.00
# Visual Studio Version 16
VisualStudioVersion = 16.0.31424.327
MinimumVisualStudioVersion = 10.0.40219.1
Project("{9A19103F-16F7-4668-BE54-9A1E7A4F7556}") = "TechPadoca.Dominio", "TechPadoca.Dominio\TechPadoca.Dominio.csproj", "{95125739-6D88-4AA5-AFC1-30B8C9B2BDC4}"
EndProject
Project("{9A19103F-16F7-4668-BE54-9A1E7A4F7556}") = "TechPadoca.Dados", "TechPadoca.Dados\TechPadoca.Dados.csproj", "{7310ACB3-2676-469A-86AC-6F5DBDF77205}"
EndProject
Project("{9A19103F-16F7-4668-BE54-9A1E7A4F7556}") = "TechPadoca.API", "TechPadoca.API\TechPadoca.API.csproj", "{B68EA953-A642-4645-B493-AFFF3E3A4D7B}"
EndProject
Global
	GlobalSection(SolutionConfigurationPlatforms) = preSolution
		Debug|Any CPU = Debug|Any CPU
		Release|Any CPU = Release|Any CPU
	EndGlobalSection
	GlobalSection(ProjectConfigurationPlatforms) = postSolution
		{95125739-6D88-4AA5-AFC1-30B8C9B2BDC4}.Debug|Any CPU.ActiveCfg = Debug|Any CPU
		{95125739-6D88-4AA5-AFC1-30B8C9B2BDC4}.Debug|Any CPU.Build.0 = Debug|Any CPU
		{95125739-6D88-4AA5-AFC1-30B8C9B2BDC4}.Release|Any CPU.ActiveCfg = Release|Any CPU
		{95125739-6D88-4AA5-AFC1-30B8C9B2BDC4}.Release|Any CPU.Build.0 = Release|Any CPU
		{7310ACB3-2676-469A-86AC-6F5DBDF77205}.Debug|Any CPU.ActiveCfg = Debug|Any CPU
		{7310ACB3-2676-469A-86AC-6F5DBDF77205}.Debug|Any CPU.Build.0 = Debug|Any CPU
		{7310ACB3-2676-469A-86AC-6F5DBDF77205}.Release|Any CPU.ActiveCfg = Release|Any CPU
		{7310ACB3-2676-469A-86AC-6F5DBDF77205}.Release|Any CPU.Build.0 = Release|Any CPU
		{B68EA953-A642-4645-B493-AFFF3E3A4D7B}.Debug|Any CPU.ActiveCfg = Debug|Any CPU
		{B68EA953-A642-4645-B493-AFFF3E3A4D7B}.Debug|Any CPU.Build.0 = Debug|Any CPU
		{B68EA953-A642-4645-B493-AFFF3E3A4D7B}.Release|Any CPU.ActiveCfg = Release|Any CPU
		{B68EA953-A642-4645-B493-AFFF3E3A4D7B}.Release|Any CPU.Build.0 = Release|Any CPU
	EndGlobalSection
	GlobalSection(SolutionProperties) = preSolution
		HideSolutionNode = FALSE
	EndGlobalSection
	GlobalSection(ExtensibilityGlobals) = postSolution
		SolutionGuid = {993DF06E-E406-4F27-A40A-611441D73E87}
	EndGlobalSection
EndGlobal
